
Microsoft Visual Studio Solution File, Format Version 12.00
# Visual Studio Version 17
VisualStudioVersion = 17.14.36401.2
MinimumVisualStudioVersion = 10.0.40219.1
Project("{FAE04EC0-301F-11D3-BF4B-00C04F79EFBC}") = "RevitTest2", "RevitTest2.csproj", "{A817CDC0-1BB7-46F3-9391-810251CD1635}"
EndProject
Project("{2150E333-8FDC-42A3-9474-1A3956D46DE8}") = "Элементы решения", "Элементы решения", "{754FC069-D67B-A9D7-50A1-8D1CA196D8F1}"
	ProjectSection(SolutionItems) = preProject
		RevitTest2.addin = RevitTest2.addin
	EndProjectSection
EndProject
Global
	GlobalSection(SolutionConfigurationPlatforms) = preSolution
		Debug|Any CPU = Debug|Any CPU
		Release|Any CPU = Release|Any CPU
	EndGlobalSection
	GlobalSection(ProjectConfigurationPlatforms) = postSolution
		{A817CDC0-1BB7-46F3-9391-810251CD1635}.Debug|Any CPU.ActiveCfg = Debug|Any CPU
		{A817CDC0-1BB7-46F3-9391-810251CD1635}.Debug|Any CPU.Build.0 = Debug|Any CPU
		{A817CDC0-1BB7-46F3-9391-810251CD1635}.Release|Any CPU.ActiveCfg = Release|Any CPU
		{A817CDC0-1BB7-46F3-9391-810251CD1635}.Release|Any CPU.Build.0 = Release|Any CPU
	EndGlobalSection
	GlobalSection(SolutionProperties) = preSolution
		HideSolutionNode = FALSE
	EndGlobalSection
	GlobalSection(ExtensibilityGlobals) = postSolution
		SolutionGuid = {05B66F50-D154-4575-AE66-8F8E034709F4}
	EndGlobalSection
EndGlobal
